
Microsoft Visual Studio Solution File, Format Version 12.00
# Visual Studio 15
VisualStudioVersion = 15.0.26730.16
MinimumVisualStudioVersion = 10.0.40219.1
Project("{8BC9CEB8-8B4A-11D0-8D11-00A0C91BC942}") = "kk_slides", "kk_slides.vcxproj", "{25B98640-E702-4124-B847-A171A4BAD5FC}"
EndProject
Global
	GlobalSection(SolutionConfigurationPlatforms) = preSolution
		Debug|x64 = Debug|x64
		Debug|x86 = Debug|x86
		Release|x64 = Release|x64
		Release|x86 = Release|x86
	EndGlobalSection
	GlobalSection(ProjectConfigurationPlatforms) = postSolution
		{25B98640-E702-4124-B847-A171A4BAD5FC}.Debug|x64.ActiveCfg = Debug|x64
		{25B98640-E702-4124-B847-A171A4BAD5FC}.Debug|x64.Build.0 = Debug|x64
		{25B98640-E702-4124-B847-A171A4BAD5FC}.Debug|x86.ActiveCfg = Debug|Win32
		{25B98640-E702-4124-B847-A171A4BAD5FC}.Debug|x86.Build.0 = Debug|Win32
		{25B98640-E702-4124-B847-A171A4BAD5FC}.Release|x64.ActiveCfg = Release|x64
		{25B98640-E702-4124-B847-A171A4BAD5FC}.Release|x64.Build.0 = Release|x64
		{25B98640-E702-4124-B847-A171A4BAD5FC}.Release|x86.ActiveCfg = Release|Win32
		{25B98640-E702-4124-B847-A171A4BAD5FC}.Release|x86.Build.0 = Release|Win32
	EndGlobalSection
	GlobalSection(SolutionProperties) = preSolution
		HideSolutionNode = FALSE
	EndGlobalSection
	GlobalSection(ExtensibilityGlobals) = postSolution
		SolutionGuid = {A2FB334E-DB45-4A1B-8C67-5AD6D33A2157}
	EndGlobalSection
EndGlobal
